
Microsoft Visual Studio Solution File, Format Version 12.00
# Visual Studio 15
VisualStudioVersion = 15.0.26124.0
MinimumVisualStudioVersion = 15.0.26124.0
Project("{FAE04EC0-301F-11D3-BF4B-00C04F79EFBC}") = "Domain", "domain\Domain.csproj", "{4A2D9AF6-8D52-44F8-B855-885EEDBCC189}"
EndProject
Project("{FAE04EC0-301F-11D3-BF4B-00C04F79EFBC}") = "Application", "application\Application.csproj", "{4F5E6140-0F1B-445A-B6FB-C8E859524542}"
EndProject
Project("{FAE04EC0-301F-11D3-BF4B-00C04F79EFBC}") = "Persistence", "persistence\Persistence.csproj", "{1C744BA8-4864-4042-9BC6-C5AF5E0E5F4A}"
EndProject
Project("{FAE04EC0-301F-11D3-BF4B-00C04F79EFBC}") = "API", "api\API.csproj", "{4976CFF2-29CE-4464-B9F0-CD96168B8650}"
EndProject
Global
	GlobalSection(SolutionConfigurationPlatforms) = preSolution
		Debug|Any CPU = Debug|Any CPU
		Debug|x64 = Debug|x64
		Debug|x86 = Debug|x86
		Release|Any CPU = Release|Any CPU
		Release|x64 = Release|x64
		Release|x86 = Release|x86
	EndGlobalSection
	GlobalSection(SolutionProperties) = preSolution
		HideSolutionNode = FALSE
	EndGlobalSection
	GlobalSection(ProjectConfigurationPlatforms) = postSolution
		{4A2D9AF6-8D52-44F8-B855-885EEDBCC189}.Debug|Any CPU.ActiveCfg = Debug|Any CPU
		{4A2D9AF6-8D52-44F8-B855-885EEDBCC189}.Debug|Any CPU.Build.0 = Debug|Any CPU
		{4A2D9AF6-8D52-44F8-B855-885EEDBCC189}.Debug|x64.ActiveCfg = Debug|Any CPU
		{4A2D9AF6-8D52-44F8-B855-885EEDBCC189}.Debug|x64.Build.0 = Debug|Any CPU
		{4A2D9AF6-8D52-44F8-B855-885EEDBCC189}.Debug|x86.ActiveCfg = Debug|Any CPU
		{4A2D9AF6-8D52-44F8-B855-885EEDBCC189}.Debug|x86.Build.0 = Debug|Any CPU
		{4A2D9AF6-8D52-44F8-B855-885EEDBCC189}.Release|Any CPU.ActiveCfg = Release|Any CPU
		{4A2D9AF6-8D52-44F8-B855-885EEDBCC189}.Release|Any CPU.Build.0 = Release|Any CPU
		{4A2D9AF6-8D52-44F8-B855-885EEDBCC189}.Release|x64.ActiveCfg = Release|Any CPU
		{4A2D9AF6-8D52-44F8-B855-885EEDBCC189}.Release|x64.Build.0 = Release|Any CPU
		{4A2D9AF6-8D52-44F8-B855-885EEDBCC189}.Release|x86.ActiveCfg = Release|Any CPU
		{4A2D9AF6-8D52-44F8-B855-885EEDBCC189}.Release|x86.Build.0 = Release|Any CPU
		{4F5E6140-0F1B-445A-B6FB-C8E859524542}.Debug|Any CPU.ActiveCfg = Debug|Any CPU
		{4F5E6140-0F1B-445A-B6FB-C8E859524542}.Debug|Any CPU.Build.0 = Debug|Any CPU
		{4F5E6140-0F1B-445A-B6FB-C8E859524542}.Debug|x64.ActiveCfg = Debug|Any CPU
		{4F5E6140-0F1B-445A-B6FB-C8E859524542}.Debug|x64.Build.0 = Debug|Any CPU
		{4F5E6140-0F1B-445A-B6FB-C8E859524542}.Debug|x86.ActiveCfg = Debug|Any CPU
		{4F5E6140-0F1B-445A-B6FB-C8E859524542}.Debug|x86.Build.0 = Debug|Any CPU
		{4F5E6140-0F1B-445A-B6FB-C8E859524542}.Release|Any CPU.ActiveCfg = Release|Any CPU
		{4F5E6140-0F1B-445A-B6FB-C8E859524542}.Release|Any CPU.Build.0 = Release|Any CPU
		{4F5E6140-0F1B-445A-B6FB-C8E859524542}.Release|x64.ActiveCfg = Release|Any CPU
		{4F5E6140-0F1B-445A-B6FB-C8E859524542}.Release|x64.Build.0 = Release|Any CPU
		{4F5E6140-0F1B-445A-B6FB-C8E859524542}.Release|x86.ActiveCfg = Release|Any CPU
		{4F5E6140-0F1B-445A-B6FB-C8E859524542}.Release|x86.Build.0 = Release|Any CPU
		{1C744BA8-4864-4042-9BC6-C5AF5E0E5F4A}.Debug|Any CPU.ActiveCfg = Debug|Any CPU
		{1C744BA8-4864-4042-9BC6-C5AF5E0E5F4A}.Debug|Any CPU.Build.0 = Debug|Any CPU
		{1C744BA8-4864-4042-9BC6-C5AF5E0E5F4A}.Debug|x64.ActiveCfg = Debug|Any CPU
		{1C744BA8-4864-4042-9BC6-C5AF5E0E5F4A}.Debug|x64.Build.0 = Debug|Any CPU
		{1C744BA8-4864-4042-9BC6-C5AF5E0E5F4A}.Debug|x86.ActiveCfg = Debug|Any CPU
		{1C744BA8-4864-4042-9BC6-C5AF5E0E5F4A}.Debug|x86.Build.0 = Debug|Any CPU
		{1C744BA8-4864-4042-9BC6-C5AF5E0E5F4A}.Release|Any CPU.ActiveCfg = Release|Any CPU
		{1C744BA8-4864-4042-9BC6-C5AF5E0E5F4A}.Release|Any CPU.Build.0 = Release|Any CPU
		{1C744BA8-4864-4042-9BC6-C5AF5E0E5F4A}.Release|x64.ActiveCfg = Release|Any CPU
		{1C744BA8-4864-4042-9BC6-C5AF5E0E5F4A}.Release|x64.Build.0 = Release|Any CPU
		{1C744BA8-4864-4042-9BC6-C5AF5E0E5F4A}.Release|x86.ActiveCfg = Release|Any CPU
		{1C744BA8-4864-4042-9BC6-C5AF5E0E5F4A}.Release|x86.Build.0 = Release|Any CPU
		{4976CFF2-29CE-4464-B9F0-CD96168B8650}.Debug|Any CPU.ActiveCfg = Debug|Any CPU
		{4976CFF2-29CE-4464-B9F0-CD96168B8650}.Debug|Any CPU.Build.0 = Debug|Any CPU
		{4976CFF2-29CE-4464-B9F0-CD96168B8650}.Debug|x64.ActiveCfg = Debug|Any CPU
		{4976CFF2-29CE-4464-B9F0-CD96168B8650}.Debug|x64.Build.0 = Debug|Any CPU
		{4976CFF2-29CE-4464-B9F0-CD96168B8650}.Debug|x86.ActiveCfg = Debug|Any CPU
		{4976CFF2-29CE-4464-B9F0-CD96168B8650}.Debug|x86.Build.0 = Debug|Any CPU
		{4976CFF2-29CE-4464-B9F0-CD96168B8650}.Release|Any CPU.ActiveCfg = Release|Any CPU
		{4976CFF2-29CE-4464-B9F0-CD96168B8650}.Release|Any CPU.Build.0 = Release|Any CPU
		{4976CFF2-29CE-4464-B9F0-CD96168B8650}.Release|x64.ActiveCfg = Release|Any CPU
		{4976CFF2-29CE-4464-B9F0-CD96168B8650}.Release|x64.Build.0 = Release|Any CPU
		{4976CFF2-29CE-4464-B9F0-CD96168B8650}.Release|x86.ActiveCfg = Release|Any CPU
		{4976CFF2-29CE-4464-B9F0-CD96168B8650}.Release|x86.Build.0 = Release|Any CPU
	EndGlobalSection
EndGlobal
